
Microsoft Visual Studio Solution File, Format Version 12.00
# Visual Studio 2013
VisualStudioVersion = 12.0.40629.0
MinimumVisualStudioVersion = 10.0.40219.1
Project("{FAE04EC0-301F-11D3-BF4B-00C04F79EFBC}") = "Polinom", "Polinom\Polinom.csproj", "{22FDCF47-FCFB-4572-B7E0-29AC188180B7}"
EndProject
Project("{FAE04EC0-301F-11D3-BF4B-00C04F79EFBC}") = "UnitTestPolinom", "UnitTestPolinom\UnitTestPolinom.csproj", "{5D4BA3DA-6402-4155-B90F-05E177A66AAF}"
EndProject
Project("{FAE04EC0-301F-11D3-BF4B-00C04F79EFBC}") = "ConsolePolinom", "ConsolePolinom\ConsolePolinom.csproj", "{B7428A55-77F9-437C-B49B-08C41EEE0DC3}"
EndProject
Project("{FAE04EC0-301F-11D3-BF4B-00C04F79EFBC}") = "PolinomTest", "PolinomTest\PolinomTest.csproj", "{17259A98-A620-4340-B7D9-1E3AEA0566F2}"
EndProject
Global
	GlobalSection(SolutionConfigurationPlatforms) = preSolution
		Debug|Any CPU = Debug|Any CPU
		Release|Any CPU = Release|Any CPU
	EndGlobalSection
	GlobalSection(ProjectConfigurationPlatforms) = postSolution
		{22FDCF47-FCFB-4572-B7E0-29AC188180B7}.Debug|Any CPU.ActiveCfg = Debug|Any CPU
		{22FDCF47-FCFB-4572-B7E0-29AC188180B7}.Debug|Any CPU.Build.0 = Debug|Any CPU
		{22FDCF47-FCFB-4572-B7E0-29AC188180B7}.Release|Any CPU.ActiveCfg = Release|Any CPU
		{22FDCF47-FCFB-4572-B7E0-29AC188180B7}.Release|Any CPU.Build.0 = Release|Any CPU
		{5D4BA3DA-6402-4155-B90F-05E177A66AAF}.Debug|Any CPU.ActiveCfg = Debug|Any CPU
		{5D4BA3DA-6402-4155-B90F-05E177A66AAF}.Debug|Any CPU.Build.0 = Debug|Any CPU
		{5D4BA3DA-6402-4155-B90F-05E177A66AAF}.Release|Any CPU.ActiveCfg = Release|Any CPU
		{5D4BA3DA-6402-4155-B90F-05E177A66AAF}.Release|Any CPU.Build.0 = Release|Any CPU
		{B7428A55-77F9-437C-B49B-08C41EEE0DC3}.Debug|Any CPU.ActiveCfg = Debug|Any CPU
		{B7428A55-77F9-437C-B49B-08C41EEE0DC3}.Debug|Any CPU.Build.0 = Debug|Any CPU
		{B7428A55-77F9-437C-B49B-08C41EEE0DC3}.Release|Any CPU.ActiveCfg = Release|Any CPU
		{B7428A55-77F9-437C-B49B-08C41EEE0DC3}.Release|Any CPU.Build.0 = Release|Any CPU
		{17259A98-A620-4340-B7D9-1E3AEA0566F2}.Debug|Any CPU.ActiveCfg = Debug|Any CPU
		{17259A98-A620-4340-B7D9-1E3AEA0566F2}.Debug|Any CPU.Build.0 = Debug|Any CPU
		{17259A98-A620-4340-B7D9-1E3AEA0566F2}.Release|Any CPU.ActiveCfg = Release|Any CPU
		{17259A98-A620-4340-B7D9-1E3AEA0566F2}.Release|Any CPU.Build.0 = Release|Any CPU
	EndGlobalSection
	GlobalSection(SolutionProperties) = preSolution
		HideSolutionNode = FALSE
	EndGlobalSection
EndGlobal
